
Microsoft Visual Studio Solution File, Format Version 12.00
# Visual Studio Version 17
VisualStudioVersion = 17.1.32210.238
MinimumVisualStudioVersion = 10.0.40219.1
Project("{FAE04EC0-301F-11D3-BF4B-00C04F79EFBC}") = "console-patch", "console-patch.csproj", "{CA839D94-F276-4F9F-A83C-693DB9C959D2}"
EndProject
Global
	GlobalSection(SolutionConfigurationPlatforms) = preSolution
		Debug|Any CPU = Debug|Any CPU
		Release|Any CPU = Release|Any CPU
	EndGlobalSection
	GlobalSection(ProjectConfigurationPlatforms) = postSolution
		{CA839D94-F276-4F9F-A83C-693DB9C959D2}.Debug|Any CPU.ActiveCfg = Debug|Any CPU
		{CA839D94-F276-4F9F-A83C-693DB9C959D2}.Debug|Any CPU.Build.0 = Debug|Any CPU
		{CA839D94-F276-4F9F-A83C-693DB9C959D2}.Release|Any CPU.ActiveCfg = Release|Any CPU
		{CA839D94-F276-4F9F-A83C-693DB9C959D2}.Release|Any CPU.Build.0 = Release|Any CPU
	EndGlobalSection
	GlobalSection(SolutionProperties) = preSolution
		HideSolutionNode = FALSE
	EndGlobalSection
	GlobalSection(ExtensibilityGlobals) = postSolution
		SolutionGuid = {8067D95A-711B-43C4-BC45-C3E90DFA706A}
	EndGlobalSection
EndGlobal
